
Microsoft Visual Studio Solution File, Format Version 12.00
# Visual Studio 2012
Project("{FAE04EC0-301F-11D3-BF4B-00C04F79EFBC}") = "Geoton", "Geoton\Geoton.csproj", "{642786ED-4A93-4886-BDEC-D16BC656E8DA}"
EndProject
Project("{6141683F-8A12-4E36-9623-2EB02B2C2303}") = "GeotonSetup", "GeotonSetup\GeotonSetup.isproj", "{BAA96E33-433D-4D24-B4E9-AAEBA3D09754}"
	ProjectSection(ProjectDependencies) = postProject
		{642786ED-4A93-4886-BDEC-D16BC656E8DA} = {642786ED-4A93-4886-BDEC-D16BC656E8DA}
	EndProjectSection
EndProject
Global
	GlobalSection(SolutionConfigurationPlatforms) = preSolution
		CD_ROM|Any CPU = CD_ROM|Any CPU
		Debug|Any CPU = Debug|Any CPU
		DVD-5|Any CPU = DVD-5|Any CPU
		Release|Any CPU = Release|Any CPU
		SingleImage|Any CPU = SingleImage|Any CPU
	EndGlobalSection
	GlobalSection(ProjectConfigurationPlatforms) = postSolution
		{642786ED-4A93-4886-BDEC-D16BC656E8DA}.CD_ROM|Any CPU.ActiveCfg = Release|Any CPU
		{642786ED-4A93-4886-BDEC-D16BC656E8DA}.CD_ROM|Any CPU.Build.0 = Release|Any CPU
		{642786ED-4A93-4886-BDEC-D16BC656E8DA}.Debug|Any CPU.ActiveCfg = Debug|Any CPU
		{642786ED-4A93-4886-BDEC-D16BC656E8DA}.Debug|Any CPU.Build.0 = Debug|Any CPU
		{642786ED-4A93-4886-BDEC-D16BC656E8DA}.DVD-5|Any CPU.ActiveCfg = Debug|Any CPU
		{642786ED-4A93-4886-BDEC-D16BC656E8DA}.DVD-5|Any CPU.Build.0 = Debug|Any CPU
		{642786ED-4A93-4886-BDEC-D16BC656E8DA}.Release|Any CPU.ActiveCfg = Release|Any CPU
		{642786ED-4A93-4886-BDEC-D16BC656E8DA}.Release|Any CPU.Build.0 = Release|Any CPU
		{642786ED-4A93-4886-BDEC-D16BC656E8DA}.SingleImage|Any CPU.ActiveCfg = Release|Any CPU
		{642786ED-4A93-4886-BDEC-D16BC656E8DA}.SingleImage|Any CPU.Build.0 = Release|Any CPU
		{BAA96E33-433D-4D24-B4E9-AAEBA3D09754}.CD_ROM|Any CPU.ActiveCfg = CD_ROM
		{BAA96E33-433D-4D24-B4E9-AAEBA3D09754}.CD_ROM|Any CPU.Build.0 = CD_ROM
		{BAA96E33-433D-4D24-B4E9-AAEBA3D09754}.Debug|Any CPU.ActiveCfg = DVD-5
		{BAA96E33-433D-4D24-B4E9-AAEBA3D09754}.Debug|Any CPU.Build.0 = DVD-5
		{BAA96E33-433D-4D24-B4E9-AAEBA3D09754}.DVD-5|Any CPU.ActiveCfg = DVD-5
		{BAA96E33-433D-4D24-B4E9-AAEBA3D09754}.DVD-5|Any CPU.Build.0 = DVD-5
		{BAA96E33-433D-4D24-B4E9-AAEBA3D09754}.Release|Any CPU.ActiveCfg = SingleImage
		{BAA96E33-433D-4D24-B4E9-AAEBA3D09754}.Release|Any CPU.Build.0 = SingleImage
		{BAA96E33-433D-4D24-B4E9-AAEBA3D09754}.SingleImage|Any CPU.ActiveCfg = SingleImage
		{BAA96E33-433D-4D24-B4E9-AAEBA3D09754}.SingleImage|Any CPU.Build.0 = SingleImage
	EndGlobalSection
	GlobalSection(SolutionProperties) = preSolution
		HideSolutionNode = FALSE
	EndGlobalSection
EndGlobal
